// !$*UTF8*$!
{
	archiveVersion = 1;
	classes = {
	};
	objectVersion = 46;
	objects = {

/* Begin PBXBuildFile section */
		47C5283620294CBB00855066 /* main.m in Sources */ = {isa = PBXBuildFile; fileRef = 47C5283520294CBB00855066 /* main.m */; };
		47C5283920294CBB00855066 /* AppDelegate.m in Sources */ = {isa = PBXBuildFile; fileRef = 47C5283820294CBB00855066 /* AppDelegate.m */; };
		47C5283C20294CBB00855066 /* ViewController.m in Sources */ = {isa = PBXBuildFile; fileRef = 47C5283B20294CBB00855066 /* ViewController.m */; };
		47C5283F20294CBB00855066 /* Main.storyboard in Resources */ = {isa = PBXBuildFile; fileRef = 47C5283D20294CBB00855066 /* Main.storyboard */; };
		47C5284120294CBB00855066 /* Assets.xcassets in Resources */ = {isa = PBXBuildFile; fileRef = 47C5284020294CBB00855066 /* Assets.xcassets */; };
		47C5284420294CBB00855066 /* LaunchScreen.storyboard in Resources */ = {isa = PBXBuildFile; fileRef = 47C5284220294CBB00855066 /* LaunchScreen.storyboard */; };
		47C5284E20294D8E00855066 /* UIViewController+Statistics.m in Sources */ = {isa = PBXBuildFile; fileRef = 47C5284D20294D8E00855066 /* UIViewController+Statistics.m */; };
		47C528572029746F00855066 /* A_ViewController.m in Sources */ = {isa = PBXBuildFile; fileRef = 47C528562029746F00855066 /* A_ViewController.m */; };
		47C5285A2029747C00855066 /* B_ViewController.m in Sources */ = {isa = PBXBuildFile; fileRef = 47C528592029747C00855066 /* B_ViewController.m */; };
		47C5285D2029748300855066 /* C_ViewController.m in Sources */ = {isa = PBXBuildFile; fileRef = 47C5285C2029748300855066 /* C_ViewController.m */; };
/* End PBXBuildFile section */

/* Begin PBXFileReference section */
		47C5283120294CBB00855066 /* MethodExchangedDemo.app */ = {isa = PBXFileReference; explicitFileType = wrapper.application; includeInIndex = 0; path = MethodExchangedDemo.app; sourceTree = BUILT_PRODUCTS_DIR; };
		47C5283520294CBB00855066 /* main.m */ = {isa = PBXFileReference; lastKnownFileType = sourcecode.c.objc; path = main.m; sourceTree = "<group>"; };
		47C5283720294CBB00855066 /* AppDelegate.h */ = {isa = PBXFileReference; lastKnownFileType = sourcecode.c.h; path = AppDelegate.h; sourceTree = "<group>"; };
		47C5283820294CBB00855066 /* AppDelegate.m */ = {isa = PBXFileReference; lastKnownFileType = sourcecode.c.objc; path = AppDelegate.m; sourceTree = "<group>"; };
		47C5283A20294CBB00855066 /* ViewController.h */ = {isa = PBXFileReference; lastKnownFileType = sourcecode.c.h; path = ViewController.h; sourceTree = "<group>"; };
		47C5283B20294CBB00855066 /* ViewController.m */ = {isa = PBXFileReference; lastKnownFileType = sourcecode.c.objc; path = ViewController.m; sourceTree = "<group>"; };
		47C5283E20294CBB00855066 /* Base */ = {isa = PBXFileReference; lastKnownFileType = file.storyboard; name = Base; path = Base.lproj/Main.storyboard; sourceTree = "<group>"; };
		47C5284020294CBB00855066 /* Assets.xcassets */ = {isa = PBXFileReference; lastKnownFileType = folder.assetcatalog; path = Assets.xcassets; sourceTree = "<group>"; };
		47C5284320294CBB00855066 /* Base */ = {isa = PBXFileReference; lastKnownFileType = file.storyboard; name = Base; path = Base.lproj/LaunchScreen.storyboard; sourceTree = "<group>"; };
		47C5284520294CBB00855066 /* Info.plist */ = {isa = PBXFileReference; lastKnownFileType = text.plist.xml; path = Info.plist; sourceTree = "<group>"; };
		47C5284C20294D8E00855066 /* UIViewController+Statistics.h */ = {isa = PBXFileReference; fileEncoding = 4; lastKnownFileType = sourcecode.c.h; path = "UIViewController+Statistics.h"; sourceTree = "<group>"; };
		47C5284D20294D8E00855066 /* UIViewController+Statistics.m */ = {isa = PBXFileReference; fileEncoding = 4; lastKnownFileType = sourcecode.c.objc; path = "UIViewController+Statistics.m"; sourceTree = "<group>"; };
		47C528552029746F00855066 /* A_ViewController.h */ = {isa = PBXFileReference; fileEncoding = 4; lastKnownFileType = sourcecode.c.h; path = A_ViewController.h; sourceTree = "<group>"; };
		47C528562029746F00855066 /* A_ViewController.m */ = {isa = PBXFileReference; fileEncoding = 4; lastKnownFileType = sourcecode.c.objc; path = A_ViewController.m; sourceTree = "<group>"; };
		47C528582029747C00855066 /* B_ViewController.h */ = {isa = PBXFileReference; fileEncoding = 4; lastKnownFileType = sourcecode.c.h; path = B_ViewController.h; sourceTree = "<group>"; };
		47C528592029747C00855066 /* B_ViewController.m */ = {isa = PBXFileReference; fileEncoding = 4; lastKnownFileType = sourcecode.c.objc; path = B_ViewController.m; sourceTree = "<group>"; };
		47C5285B2029748300855066 /* C_ViewController.h */ = {isa = PBXFileReference; fileEncoding = 4; lastKnownFileType = sourcecode.c.h; path = C_ViewController.h; sourceTree = "<group>"; };
		47C5285C2029748300855066 /* C_ViewController.m */ = {isa = PBXFileReference; fileEncoding = 4; lastKnownFileType = sourcecode.c.objc; path = C_ViewController.m; sourceTree = "<group>"; };
/* End PBXFileReference section */

/* Begin PBXFrameworksBuildPhase section */
		47C5282E20294CBB00855066 /* Frameworks */ = {
			isa = PBXFrameworksBuildPhase;
			buildActionMask = 2147483647;
			files = (
			);
			runOnlyForDeploymentPostprocessing = 0;
		};
/* End PBXFrameworksBuildPhase section */

/* Begin PBXGroup section */
		47C5282820294CBB00855066 = {
			isa = PBXGroup;
			children = (
				47C5283320294CBB00855066 /* MethodExchangedDemo */,
				47C5283220294CBB00855066 /* Products */,
			);
			sourceTree = "<group>";
		};
		47C5283220294CBB00855066 /* Products */ = {
			isa = PBXGroup;
			children = (
				47C5283120294CBB00855066 /* MethodExchangedDemo.app */,
			);
			name = Products;
			sourceTree = "<group>";
		};
		47C5283320294CBB00855066 /* MethodExchangedDemo */ = {
			isa = PBXGroup;
			children = (
				47C5283720294CBB00855066 /* AppDelegate.h */,
				47C5283820294CBB00855066 /* AppDelegate.m */,
				47C5283A20294CBB00855066 /* ViewController.h */,
				47C5283B20294CBB00855066 /* ViewController.m */,
				47C528552029746F00855066 /* A_ViewController.h */,
				47C528562029746F00855066 /* A_ViewController.m */,
				47C528582029747C00855066 /* B_ViewController.h */,
				47C528592029747C00855066 /* B_ViewController.m */,
				47C5285B2029748300855066 /* C_ViewController.h */,
				47C5285C2029748300855066 /* C_ViewController.m */,
				47C5284B20294CE200855066 /* Categray */,
				47C5283D20294CBB00855066 /* Main.storyboard */,
				47C5284020294CBB00855066 /* Assets.xcassets */,
				47C5284220294CBB00855066 /* LaunchScreen.storyboard */,
				47C5284520294CBB00855066 /* Info.plist */,
				47C5283420294CBB00855066 /* Supporting Files */,
			);
			path = MethodExchangedDemo;
			sourceTree = "<group>";
		};
		47C5283420294CBB00855066 /* Supporting Files */ = {
			isa = PBXGroup;
			children = (
				47C5283520294CBB00855066 /* main.m */,
			);
			name = "Supporting Files";
			sourceTree = "<group>";
		};
		47C5284B20294CE200855066 /* Categray */ = {
			isa = PBXGroup;
			children = (
				47C5284C20294D8E00855066 /* UIViewController+Statistics.h */,
				47C5284D20294D8E00855066 /* UIViewController+Statistics.m */,
			);
			name = Categray;
			sourceTree = "<group>";
		};
/* End PBXGroup section */

/* Begin PBXNativeTarget section */
		47C5283020294CBB00855066 /* MethodExchangedDemo */ = {
			isa = PBXNativeTarget;
			buildConfigurationList = 47C5284820294CBB00855066 /* Build configuration list for PBXNativeTarget "MethodExchangedDemo" */;
			buildPhases = (
				47C5282D20294CBB00855066 /* Sources */,
				47C5282E20294CBB00855066 /* Frameworks */,
				47C5282F20294CBB00855066 /* Resources */,
			);
			buildRules = (
			);
			dependencies = (
			);
			name = MethodExchangedDemo;
			productName = MethodExchangedDemo;
			productReference = 47C5283120294CBB00855066 /* MethodExchangedDemo.app */;
			productType = "com.apple.product-type.application";
		};
/* End PBXNativeTarget section */

/* Begin PBXProject section */
		47C5282920294CBB00855066 /* Project object */ = {
			isa = PBXProject;
			attributes = {
				LastUpgradeCheck = 0810;
				ORGANIZATIONNAME = ztp;
				TargetAttributes = {
					47C5283020294CBB00855066 = {
						CreatedOnToolsVersion = 8.1;
						ProvisioningStyle = Automatic;
					};
				};
			};
			buildConfigurationList = 47C5282C20294CBB00855066 /* Build configuration list for PBXProject "MethodExchangedDemo" */;
			compatibilityVersion = "Xcode 3.2";
			developmentRegion = English;
			hasScannedForEncodings = 0;
			knownRegions = (
				en,
				Base,
			);
			mainGroup = 47C5282820294CBB00855066;
			productRefGroup = 47C5283220294CBB00855066 /* Products */;
			projectDirPath = "";
			projectRoot = "";
			targets = (
				47C5283020294CBB00855066 /* MethodExchangedDemo */,
			);
		};
/* End PBXProject section */

/* Begin PBXResourcesBuildPhase section */
		47C5282F20294CBB00855066 /* Resources */ = {
			isa = PBXResourcesBuildPhase;
			buildActionMask = 2147483647;
			files = (
				47C5284420294CBB00855066 /* LaunchScreen.storyboard in Resources */,
				47C5284120294CBB00855066 /* Assets.xcassets in Resources */,
				47C5283F20294CBB00855066 /* Main.storyboard in Resources */,
			);
			runOnlyForDeploymentPostprocessing = 0;
		};
/* End PBXResourcesBuildPhase section */

/* Begin PBXSourcesBuildPhase section */
		47C5282D20294CBB00855066 /* Sources */ = {
			isa = PBXSourcesBuildPhase;
			buildActionMask = 2147483647;
			files = (
				47C5283C20294CBB00855066 /* ViewController.m in Sources */,
				47C5283920294CBB00855066 /* AppDelegate.m in Sources */,
				47C5283620294CBB00855066 /* main.m in Sources */,
				47C5285A2029747C00855066 /* B_ViewController.m in Sources */,
				47C5285D2029748300855066 /* C_ViewController.m in Sources */,
				47C5284E20294D8E00855066 /* UIViewController+Statistics.m in Sources */,
				47C528572029746F00855066 /* A_ViewController.m in Sources */,
			);
			runOnlyForDeploymentPostprocessing = 0;
		};
/* End PBXSourcesBuildPhase section */

/* Begin PBXVariantGroup section */
		47C5283D20294CBB00855066 /* Main.storyboard */ = {
			isa = PBXVariantGroup;
			children = (
				47C5283E20294CBB00855066 /* Base */,
			);
			name = Main.storyboard;
			sourceTree = "<group>";
		};
		47C5284220294CBB00855066 /* LaunchScreen.storyboard */ = {
			isa = PBXVariantGroup;
			children = (
				47C5284320294CBB00855066 /* Base */,
			);
			name = LaunchScreen.storyboard;
			sourceTree = "<group>";
		};
/* End PBXVariantGroup section */

/* Begin XCBuildConfiguration section */
		47C5284620294CBB00855066 /* Debug */ = {
			isa = XCBuildConfiguration;
			buildSettings = {
				ALWAYS_SEARCH_USER_PATHS = NO;
				CLANG_ANALYZER_NONNULL = YES;
				CLANG_CXX_LANGUAGE_STANDARD = "gnu++0x";
				CLANG_CXX_LIBRARY = "libc++";
				CLANG_ENABLE_MODULES = YES;
				CLANG_ENABLE_OBJC_ARC = YES;
				CLANG_WARN_BOOL_CONVERSION = YES;
				CLANG_WARN_CONSTANT_CONVERSION = YES;
				CLANG_WARN_DIRECT_OBJC_ISA_USAGE = YES_ERROR;
				CLANG_WARN_DOCUMENTATION_COMMENTS = YES;
				CLANG_WARN_EMPTY_BODY = YES;
				CLANG_WARN_ENUM_CONVERSION = YES;
				CLANG_WARN_INFINITE_RECURSION = YES;
				CLANG_WARN_INT_CONVERSION = YES;
				CLANG_WARN_OBJC_ROOT_CLASS = YES_ERROR;
				CLANG_WARN_SUSPICIOUS_MOVES = YES;
				CLANG_WARN_UNREACHABLE_CODE = YES;
				CLANG_WARN__DUPLICATE_METHOD_MATCH = YES;
				"CODE_SIGN_IDENTITY[sdk=iphoneos*]" = "iPhone Developer";
				COPY_PHASE_STRIP = NO;
				DEBUG_INFORMATION_FORMAT = dwarf;
				ENABLE_STRICT_OBJC_MSGSEND = YES;
				ENABLE_TESTABILITY = YES;
				GCC_C_LANGUAGE_STANDARD = gnu99;
				GCC_DYNAMIC_NO_PIC = NO;
				GCC_NO_COMMON_BLOCKS = YES;
				GCC_OPTIMIZATION_LEVEL = 0;
				GCC_PREPROCESSOR_DEFINITIONS = (
					"DEBUG=1",
					"$(inherited)",
				);
				GCC_WARN_64_TO_32_BIT_CONVERSION = YES;
				GCC_WARN_ABOUT_RETURN_TYPE = YES_ERROR;
				GCC_WARN_UNDECLARED_SELECTOR = YES;
				GCC_WARN_UNINITIALIZED_AUTOS = YES_AGGRESSIVE;
				GCC_WARN_UNUSED_FUNCTION = YES;
				GCC_WARN_UNUSED_VARIABLE = YES;
				IPHONEOS_DEPLOYMENT_TARGET = 10.1;
				MTL_ENABLE_DEBUG_INFO = YES;
				ONLY_ACTIVE_ARCH = YES;
				SDKROOT = iphoneos;
			};
			name = Debug;
		};
		47C5284720294CBB00855066 /* Release */ = {
			isa = XCBuildConfiguration;
			buildSettings = {
				ALWAYS_SEARCH_USER_PATHS = NO;
				CLANG_ANALYZER_NONNULL = YES;
				CLANG_CXX_LANGUAGE_STANDARD = "gnu++0x";
				CLANG_CXX_LIBRARY = "libc++";
				CLANG_ENABLE_MODULES = YES;
				CLANG_ENABLE_OBJC_ARC = YES;
				CLANG_WARN_BOOL_CONVERSION = YES;
				CLANG_WARN_CONSTANT_CONVERSION = YES;
				CLANG_WARN_DIRECT_OBJC_ISA_USAGE = YES_ERROR;
				CLANG_WARN_DOCUMENTATION_COMMENTS = YES;
				CLANG_WARN_EMPTY_BODY = YES;
				CLANG_WARN_ENUM_CONVERSION = YES;
				CLANG_WARN_INFINITE_RECURSION = YES;
				CLANG_WARN_INT_CONVERSION = YES;
				CLANG_WARN_OBJC_ROOT_CLASS = YES_ERROR;
				CLANG_WARN_SUSPICIOUS_MOVES = YES;
				CLANG_WARN_UNREACHABLE_CODE = YES;
				CLANG_WARN__DUPLICATE_METHOD_MATCH = YES;
				"CODE_SIGN_IDENTITY[sdk=iphoneos*]" = "iPhone Developer";
				COPY_PHASE_STRIP = NO;
				DEBUG_INFORMATION_FORMAT = "dwarf-with-dsym";
				ENABLE_NS_ASSERTIONS = NO;
				ENABLE_STRICT_OBJC_MSGSEND = YES;
				GCC_C_LANGUAGE_STANDARD = gnu99;
				GCC_NO_COMMON_BLOCKS = YES;
				GCC_WARN_64_TO_32_BIT_CONVERSION = YES;
				GCC_WARN_ABOUT_RETURN_TYPE = YES_ERROR;
				GCC_WARN_UNDECLARED_SELECTOR = YES;
				GCC_WARN_UNINITIALIZED_AUTOS = YES_AGGRESSIVE;
				GCC_WARN_UNUSED_FUNCTION = YES;
				GCC_WARN_UNUSED_VARIABLE = YES;
				IPHONEOS_DEPLOYMENT_TARGET = 10.1;
				MTL_ENABLE_DEBUG_INFO = NO;
				SDKROOT = iphoneos;
				VALIDATE_PRODUCT = YES;
			};
			name = Release;
		};
		47C5284920294CBB00855066 /* Debug */ = {
			isa = XCBuildConfiguration;
			buildSettings = {
				ASSETCATALOG_COMPILER_APPICON_NAME = AppIcon;
				ENABLE_STRICT_OBJC_MSGSEND = YES;
				INFOPLIST_FILE = MethodExchangedDemo/Info.plist;
				LD_RUNPATH_SEARCH_PATHS = "$(inherited) @executable_path/Frameworks";
				PRODUCT_BUNDLE_IDENTIFIER = ztpp.MethodExchangedDemo;
				PRODUCT_NAME = "$(TARGET_NAME)";
			};
			name = Debug;
		};
		47C5284A20294CBB00855066 /* Release */ = {
			isa = XCBuildConfiguration;
			buildSettings = {
				ASSETCATALOG_COMPILER_APPICON_NAME = AppIcon;
				ENABLE_STRICT_OBJC_MSGSEND = YES;
				INFOPLIST_FILE = MethodExchangedDemo/Info.plist;
				LD_RUNPATH_SEARCH_PATHS = "$(inherited) @executable_path/Frameworks";
				PRODUCT_BUNDLE_IDENTIFIER = ztpp.MethodExchangedDemo;
				PRODUCT_NAME = "$(TARGET_NAME)";
			};
			name = Release;
		};
/* End XCBuildConfiguration section */

/* Begin XCConfigurationList section */
		47C5282C20294CBB00855066 /* Build configuration list for PBXProject "MethodExchangedDemo" */ = {
			isa = XCConfigurationList;
			buildConfigurations = (
				47C5284620294CBB00855066 /* Debug */,
				47C5284720294CBB00855066 /* Release */,
			);
			defaultConfigurationIsVisible = 0;
			defaultConfigurationName = Release;
		};
		47C5284820294CBB00855066 /* Build configuration list for PBXNativeTarget "MethodExchangedDemo" */ = {
			isa = XCConfigurationList;
			buildConfigurations = (
				47C5284920294CBB00855066 /* Debug */,
				47C5284A20294CBB00855066 /* Release */,
			);
			defaultConfigurationIsVisible = 0;
			defaultConfigurationName = Release;
		};
/* End XCConfigurationList section */
	};
	rootObject = 47C5282920294CBB00855066 /* Project object */;
}
